
Microsoft Visual Studio Solution File, Format Version 12.00
# Visual Studio Version 16
VisualStudioVersion = 16.0.30104.148
MinimumVisualStudioVersion = 10.0.40219.1
Project("{9A19103F-16F7-4668-BE54-9A1E7A4F7556}") = "Enumeration", "Enumeration\Enumeration.csproj", "{BB2C31C0-E1CD-4646-8A0A-211F5AE69C4F}"
EndProject
Project("{9A19103F-16F7-4668-BE54-9A1E7A4F7556}") = "Enumeration.JsonNet", "Enumeration.JsonNet\Enumeration.JsonNet.csproj", "{9A85AEFD-E7B0-41AD-B261-1E7F6F8E71CF}"
EndProject
Project("{9A19103F-16F7-4668-BE54-9A1E7A4F7556}") = "Enumeration.ModelBinder", "Enumeration.ModelBinder\Enumeration.ModelBinder.csproj", "{2A330D91-73E9-410F-95E2-C2271ADD498B}"
EndProject
Project("{9A19103F-16F7-4668-BE54-9A1E7A4F7556}") = "Enumeration.SchemaFilter", "Enumeration.SchemaFilter\Enumeration.SchemaFilter.csproj", "{B64AA0B9-C268-45BE-A470-3F8543F1A97B}"
EndProject
Project("{9A19103F-16F7-4668-BE54-9A1E7A4F7556}") = "Enumeration.Sample.Version1", "Enumeration.Sample\Enumeration.Sample.Version1.csproj", "{C5096D5E-FB6F-49AC-A59B-6EF7514B82C0}"
EndProject
Project("{2150E333-8FDC-42A3-9474-1A3956D46DE8}") = "Core", "Core", "{D701164C-E88A-4019-9D8F-ACEFAF32B771}"
EndProject
Project("{FAE04EC0-301F-11D3-BF4B-00C04F79EFBC}") = "Enumeration.Sample.Before", "Enumeration.Sample.Before\Enumeration.Sample.Before.csproj", "{7244025B-AD35-40E7-8955-32B5C5192BCC}"
EndProject
Project("{2150E333-8FDC-42A3-9474-1A3956D46DE8}") = "Sample", "Sample", "{9210EFB5-F9DE-4209-9D6B-69A38CBDA7B7}"
EndProject
Project("{FAE04EC0-301F-11D3-BF4B-00C04F79EFBC}") = "Enumeration.Sample.Version2", "Enumeration.Sample.Version2\Enumeration.Sample.Version2.csproj", "{DF9A88E0-40FF-4425-B4B5-750E2251EF42}"
EndProject
Global
	GlobalSection(SolutionConfigurationPlatforms) = preSolution
		Debug|Any CPU = Debug|Any CPU
		Release|Any CPU = Release|Any CPU
	EndGlobalSection
	GlobalSection(ProjectConfigurationPlatforms) = postSolution
		{BB2C31C0-E1CD-4646-8A0A-211F5AE69C4F}.Debug|Any CPU.ActiveCfg = Debug|Any CPU
		{BB2C31C0-E1CD-4646-8A0A-211F5AE69C4F}.Debug|Any CPU.Build.0 = Debug|Any CPU
		{BB2C31C0-E1CD-4646-8A0A-211F5AE69C4F}.Release|Any CPU.ActiveCfg = Release|Any CPU
		{BB2C31C0-E1CD-4646-8A0A-211F5AE69C4F}.Release|Any CPU.Build.0 = Release|Any CPU
		{9A85AEFD-E7B0-41AD-B261-1E7F6F8E71CF}.Debug|Any CPU.ActiveCfg = Debug|Any CPU
		{9A85AEFD-E7B0-41AD-B261-1E7F6F8E71CF}.Debug|Any CPU.Build.0 = Debug|Any CPU
		{9A85AEFD-E7B0-41AD-B261-1E7F6F8E71CF}.Release|Any CPU.ActiveCfg = Release|Any CPU
		{9A85AEFD-E7B0-41AD-B261-1E7F6F8E71CF}.Release|Any CPU.Build.0 = Release|Any CPU
		{2A330D91-73E9-410F-95E2-C2271ADD498B}.Debug|Any CPU.ActiveCfg = Debug|Any CPU
		{2A330D91-73E9-410F-95E2-C2271ADD498B}.Debug|Any CPU.Build.0 = Debug|Any CPU
		{2A330D91-73E9-410F-95E2-C2271ADD498B}.Release|Any CPU.ActiveCfg = Release|Any CPU
		{2A330D91-73E9-410F-95E2-C2271ADD498B}.Release|Any CPU.Build.0 = Release|Any CPU
		{B64AA0B9-C268-45BE-A470-3F8543F1A97B}.Debug|Any CPU.ActiveCfg = Debug|Any CPU
		{B64AA0B9-C268-45BE-A470-3F8543F1A97B}.Debug|Any CPU.Build.0 = Debug|Any CPU
		{B64AA0B9-C268-45BE-A470-3F8543F1A97B}.Release|Any CPU.ActiveCfg = Release|Any CPU
		{B64AA0B9-C268-45BE-A470-3F8543F1A97B}.Release|Any CPU.Build.0 = Release|Any CPU
		{C5096D5E-FB6F-49AC-A59B-6EF7514B82C0}.Debug|Any CPU.ActiveCfg = Debug|Any CPU
		{C5096D5E-FB6F-49AC-A59B-6EF7514B82C0}.Debug|Any CPU.Build.0 = Debug|Any CPU
		{C5096D5E-FB6F-49AC-A59B-6EF7514B82C0}.Release|Any CPU.ActiveCfg = Release|Any CPU
		{C5096D5E-FB6F-49AC-A59B-6EF7514B82C0}.Release|Any CPU.Build.0 = Release|Any CPU
		{7244025B-AD35-40E7-8955-32B5C5192BCC}.Debug|Any CPU.ActiveCfg = Debug|Any CPU
		{7244025B-AD35-40E7-8955-32B5C5192BCC}.Debug|Any CPU.Build.0 = Debug|Any CPU
		{7244025B-AD35-40E7-8955-32B5C5192BCC}.Release|Any CPU.ActiveCfg = Release|Any CPU
		{7244025B-AD35-40E7-8955-32B5C5192BCC}.Release|Any CPU.Build.0 = Release|Any CPU
		{DF9A88E0-40FF-4425-B4B5-750E2251EF42}.Debug|Any CPU.ActiveCfg = Debug|Any CPU
		{DF9A88E0-40FF-4425-B4B5-750E2251EF42}.Debug|Any CPU.Build.0 = Debug|Any CPU
		{DF9A88E0-40FF-4425-B4B5-750E2251EF42}.Release|Any CPU.ActiveCfg = Release|Any CPU
		{DF9A88E0-40FF-4425-B4B5-750E2251EF42}.Release|Any CPU.Build.0 = Release|Any CPU
	EndGlobalSection
	GlobalSection(SolutionProperties) = preSolution
		HideSolutionNode = FALSE
	EndGlobalSection
	GlobalSection(NestedProjects) = preSolution
		{BB2C31C0-E1CD-4646-8A0A-211F5AE69C4F} = {D701164C-E88A-4019-9D8F-ACEFAF32B771}
		{9A85AEFD-E7B0-41AD-B261-1E7F6F8E71CF} = {D701164C-E88A-4019-9D8F-ACEFAF32B771}
		{2A330D91-73E9-410F-95E2-C2271ADD498B} = {D701164C-E88A-4019-9D8F-ACEFAF32B771}
		{B64AA0B9-C268-45BE-A470-3F8543F1A97B} = {D701164C-E88A-4019-9D8F-ACEFAF32B771}
		{C5096D5E-FB6F-49AC-A59B-6EF7514B82C0} = {9210EFB5-F9DE-4209-9D6B-69A38CBDA7B7}
		{7244025B-AD35-40E7-8955-32B5C5192BCC} = {9210EFB5-F9DE-4209-9D6B-69A38CBDA7B7}
		{DF9A88E0-40FF-4425-B4B5-750E2251EF42} = {9210EFB5-F9DE-4209-9D6B-69A38CBDA7B7}
	EndGlobalSection
	GlobalSection(ExtensibilityGlobals) = postSolution
		SolutionGuid = {54D77C06-03DA-4079-815C-9F6CD246A7AC}
	EndGlobalSection
EndGlobal
