
Microsoft Visual Studio Solution File, Format Version 12.00
# Visual Studio Version 16
VisualStudioVersion = 16.0.30104.148
MinimumVisualStudioVersion = 10.0.40219.1
Project("{9A19103F-16F7-4668-BE54-9A1E7A4F7556}") = "Enumeration", "Enumeration\Enumeration.csproj", "{BB2C31C0-E1CD-4646-8A0A-211F5AE69C4F}"
EndProject
Project("{9A19103F-16F7-4668-BE54-9A1E7A4F7556}") = "Enumeration.JsonNet", "Enumeration.JsonNet\Enumeration.JsonNet.csproj", "{9A85AEFD-E7B0-41AD-B261-1E7F6F8E71CF}"
EndProject
Project("{9A19103F-16F7-4668-BE54-9A1E7A4F7556}") = "Enumeration.ModelBinder", "Enumeration.ModelBinder\Enumeration.ModelBinder.csproj", "{2A330D91-73E9-410F-95E2-C2271ADD498B}"
EndProject
Project("{9A19103F-16F7-4668-BE54-9A1E7A4F7556}") = "Enumeration.Sample.Version1", "Enumeration.Sample\Enumeration.Sample.Version1.csproj", "{C5096D5E-FB6F-49AC-A59B-6EF7514B82C0}"
EndProject
Project("{2150E333-8FDC-42A3-9474-1A3956D46DE8}") = "Core", "Core", "{D701164C-E88A-4019-9D8F-ACEFAF32B771}"
EndProject
Project("{9A19103F-16F7-4668-BE54-9A1E7A4F7556}") = "Enumeration.Sample.Before", "Enumeration.Sample.Before\Enumeration.Sample.Before.csproj", "{7244025B-AD35-40E7-8955-32B5C5192BCC}"
EndProject
Project("{2150E333-8FDC-42A3-9474-1A3956D46DE8}") = "Sample", "Sample", "{9210EFB5-F9DE-4209-9D6B-69A38CBDA7B7}"
EndProject
Project("{9A19103F-16F7-4668-BE54-9A1E7A4F7556}") = "Enumeration.Sample.Version2", "Enumeration.Sample.Version2\Enumeration.Sample.Version2.csproj", "{DF9A88E0-40FF-4425-B4B5-750E2251EF42}"
EndProject
Project("{9A19103F-16F7-4668-BE54-9A1E7A4F7556}") = "Enumeration.Sample.Version1.Tests", "Enumeration.Sample.Version1.Tests\Enumeration.Sample.Version1.Tests.csproj", "{5F5F8D54-4112-4858-B4A3-3FCE7D1EEBAE}"
EndProject
Project("{9A19103F-16F7-4668-BE54-9A1E7A4F7556}") = "Enumeration.Sample.Version2.Tests", "Enumeration.Sample.Version2.Tests\Enumeration.Sample.Version2.Tests.csproj", "{9AF9E10E-6697-4AA8-ABED-6F0EFD6581AE}"
EndProject
Project("{9A19103F-16F7-4668-BE54-9A1E7A4F7556}") = "Enumeration.Sample.Common", "Enumeration.Sample.Common\Enumeration.Sample.Common.csproj", "{3D189B80-9B4C-42A4-958F-B2BE67F85303}"
EndProject
Project("{9A19103F-16F7-4668-BE54-9A1E7A4F7556}") = "Enumeration.SystemTextJson", "Enumeration.SystemTextJson\Enumeration.SystemTextJson.csproj", "{3881FB7F-10AB-43CA-BE93-C5A326BB0444}"
EndProject
Project("{9A19103F-16F7-4668-BE54-9A1E7A4F7556}") = "Enumeration.SystemTextJson.Tests", "Enumeration.SystemTextJson.Tests\Enumeration.SystemTextJson.Tests.csproj", "{D46538B2-1621-48B6-B828-C991EF2E3F67}"
EndProject
Project("{2150E333-8FDC-42A3-9474-1A3956D46DE8}") = "Tests", "Tests", "{40A6A777-F840-4860-AA9D-2C16F81B5CAD}"
EndProject
Project("{9A19103F-16F7-4668-BE54-9A1E7A4F7556}") = "Enumeration.SampleJsonNet.Api", "Enumeration.Sample.Api\Enumeration.SampleJsonNet.Api.csproj", "{62B331B7-D325-46DB-9E86-3C0B9CCF823D}"
EndProject
Project("{2150E333-8FDC-42A3-9474-1A3956D46DE8}") = "Solution Items", "Solution Items", "{7347FF20-9251-40A6-BC88-F82BE0967D29}"
	ProjectSection(SolutionItems) = preProject
		..\GitVersion.yml = ..\GitVersion.yml
		..\README.md = ..\README.md
	EndProjectSection
EndProject
Project("{9A19103F-16F7-4668-BE54-9A1E7A4F7556}") = "Enumeration.JsonNet.Tests", "Enumeration.JsonNet.Tests\Enumeration.JsonNet.Tests.csproj", "{D41DF3CE-1B86-4D85-92DB-896630966278}"
EndProject
Project("{9A19103F-16F7-4668-BE54-9A1E7A4F7556}") = "Enumeration.Sample.ModelBinder.Api", "Enumeration.Sample.ModelBinder.Api\Enumeration.Sample.ModelBinder.Api.csproj", "{78DEBE9A-958A-4E84-9FCB-BCF6CEF3371F}"
EndProject
Global
	GlobalSection(SolutionConfigurationPlatforms) = preSolution
		Debug|Any CPU = Debug|Any CPU
		Release|Any CPU = Release|Any CPU
	EndGlobalSection
	GlobalSection(ProjectConfigurationPlatforms) = postSolution
		{BB2C31C0-E1CD-4646-8A0A-211F5AE69C4F}.Debug|Any CPU.ActiveCfg = Debug|Any CPU
		{BB2C31C0-E1CD-4646-8A0A-211F5AE69C4F}.Debug|Any CPU.Build.0 = Debug|Any CPU
		{BB2C31C0-E1CD-4646-8A0A-211F5AE69C4F}.Release|Any CPU.ActiveCfg = Release|Any CPU
		{BB2C31C0-E1CD-4646-8A0A-211F5AE69C4F}.Release|Any CPU.Build.0 = Release|Any CPU
		{9A85AEFD-E7B0-41AD-B261-1E7F6F8E71CF}.Debug|Any CPU.ActiveCfg = Debug|Any CPU
		{9A85AEFD-E7B0-41AD-B261-1E7F6F8E71CF}.Debug|Any CPU.Build.0 = Debug|Any CPU
		{9A85AEFD-E7B0-41AD-B261-1E7F6F8E71CF}.Release|Any CPU.ActiveCfg = Release|Any CPU
		{9A85AEFD-E7B0-41AD-B261-1E7F6F8E71CF}.Release|Any CPU.Build.0 = Release|Any CPU
		{2A330D91-73E9-410F-95E2-C2271ADD498B}.Debug|Any CPU.ActiveCfg = Debug|Any CPU
		{2A330D91-73E9-410F-95E2-C2271ADD498B}.Debug|Any CPU.Build.0 = Debug|Any CPU
		{2A330D91-73E9-410F-95E2-C2271ADD498B}.Release|Any CPU.ActiveCfg = Release|Any CPU
		{2A330D91-73E9-410F-95E2-C2271ADD498B}.Release|Any CPU.Build.0 = Release|Any CPU
		{C5096D5E-FB6F-49AC-A59B-6EF7514B82C0}.Debug|Any CPU.ActiveCfg = Debug|Any CPU
		{C5096D5E-FB6F-49AC-A59B-6EF7514B82C0}.Debug|Any CPU.Build.0 = Debug|Any CPU
		{C5096D5E-FB6F-49AC-A59B-6EF7514B82C0}.Release|Any CPU.ActiveCfg = Release|Any CPU
		{C5096D5E-FB6F-49AC-A59B-6EF7514B82C0}.Release|Any CPU.Build.0 = Release|Any CPU
		{7244025B-AD35-40E7-8955-32B5C5192BCC}.Debug|Any CPU.ActiveCfg = Debug|Any CPU
		{7244025B-AD35-40E7-8955-32B5C5192BCC}.Debug|Any CPU.Build.0 = Debug|Any CPU
		{7244025B-AD35-40E7-8955-32B5C5192BCC}.Release|Any CPU.ActiveCfg = Release|Any CPU
		{7244025B-AD35-40E7-8955-32B5C5192BCC}.Release|Any CPU.Build.0 = Release|Any CPU
		{DF9A88E0-40FF-4425-B4B5-750E2251EF42}.Debug|Any CPU.ActiveCfg = Debug|Any CPU
		{DF9A88E0-40FF-4425-B4B5-750E2251EF42}.Debug|Any CPU.Build.0 = Debug|Any CPU
		{DF9A88E0-40FF-4425-B4B5-750E2251EF42}.Release|Any CPU.ActiveCfg = Release|Any CPU
		{DF9A88E0-40FF-4425-B4B5-750E2251EF42}.Release|Any CPU.Build.0 = Release|Any CPU
		{5F5F8D54-4112-4858-B4A3-3FCE7D1EEBAE}.Debug|Any CPU.ActiveCfg = Debug|Any CPU
		{5F5F8D54-4112-4858-B4A3-3FCE7D1EEBAE}.Debug|Any CPU.Build.0 = Debug|Any CPU
		{5F5F8D54-4112-4858-B4A3-3FCE7D1EEBAE}.Release|Any CPU.ActiveCfg = Release|Any CPU
		{5F5F8D54-4112-4858-B4A3-3FCE7D1EEBAE}.Release|Any CPU.Build.0 = Release|Any CPU
		{9AF9E10E-6697-4AA8-ABED-6F0EFD6581AE}.Debug|Any CPU.ActiveCfg = Debug|Any CPU
		{9AF9E10E-6697-4AA8-ABED-6F0EFD6581AE}.Debug|Any CPU.Build.0 = Debug|Any CPU
		{9AF9E10E-6697-4AA8-ABED-6F0EFD6581AE}.Release|Any CPU.ActiveCfg = Release|Any CPU
		{9AF9E10E-6697-4AA8-ABED-6F0EFD6581AE}.Release|Any CPU.Build.0 = Release|Any CPU
		{3D189B80-9B4C-42A4-958F-B2BE67F85303}.Debug|Any CPU.ActiveCfg = Debug|Any CPU
		{3D189B80-9B4C-42A4-958F-B2BE67F85303}.Debug|Any CPU.Build.0 = Debug|Any CPU
		{3D189B80-9B4C-42A4-958F-B2BE67F85303}.Release|Any CPU.ActiveCfg = Release|Any CPU
		{3D189B80-9B4C-42A4-958F-B2BE67F85303}.Release|Any CPU.Build.0 = Release|Any CPU
		{3881FB7F-10AB-43CA-BE93-C5A326BB0444}.Debug|Any CPU.ActiveCfg = Debug|Any CPU
		{3881FB7F-10AB-43CA-BE93-C5A326BB0444}.Debug|Any CPU.Build.0 = Debug|Any CPU
		{3881FB7F-10AB-43CA-BE93-C5A326BB0444}.Release|Any CPU.ActiveCfg = Release|Any CPU
		{3881FB7F-10AB-43CA-BE93-C5A326BB0444}.Release|Any CPU.Build.0 = Release|Any CPU
		{D46538B2-1621-48B6-B828-C991EF2E3F67}.Debug|Any CPU.ActiveCfg = Debug|Any CPU
		{D46538B2-1621-48B6-B828-C991EF2E3F67}.Debug|Any CPU.Build.0 = Debug|Any CPU
		{D46538B2-1621-48B6-B828-C991EF2E3F67}.Release|Any CPU.ActiveCfg = Release|Any CPU
		{D46538B2-1621-48B6-B828-C991EF2E3F67}.Release|Any CPU.Build.0 = Release|Any CPU
		{62B331B7-D325-46DB-9E86-3C0B9CCF823D}.Debug|Any CPU.ActiveCfg = Debug|Any CPU
		{62B331B7-D325-46DB-9E86-3C0B9CCF823D}.Debug|Any CPU.Build.0 = Debug|Any CPU
		{62B331B7-D325-46DB-9E86-3C0B9CCF823D}.Release|Any CPU.ActiveCfg = Release|Any CPU
		{62B331B7-D325-46DB-9E86-3C0B9CCF823D}.Release|Any CPU.Build.0 = Release|Any CPU
		{D41DF3CE-1B86-4D85-92DB-896630966278}.Debug|Any CPU.ActiveCfg = Debug|Any CPU
		{D41DF3CE-1B86-4D85-92DB-896630966278}.Debug|Any CPU.Build.0 = Debug|Any CPU
		{D41DF3CE-1B86-4D85-92DB-896630966278}.Release|Any CPU.ActiveCfg = Release|Any CPU
		{D41DF3CE-1B86-4D85-92DB-896630966278}.Release|Any CPU.Build.0 = Release|Any CPU
		{78DEBE9A-958A-4E84-9FCB-BCF6CEF3371F}.Debug|Any CPU.ActiveCfg = Debug|Any CPU
		{78DEBE9A-958A-4E84-9FCB-BCF6CEF3371F}.Debug|Any CPU.Build.0 = Debug|Any CPU
		{78DEBE9A-958A-4E84-9FCB-BCF6CEF3371F}.Release|Any CPU.ActiveCfg = Release|Any CPU
		{78DEBE9A-958A-4E84-9FCB-BCF6CEF3371F}.Release|Any CPU.Build.0 = Release|Any CPU
	EndGlobalSection
	GlobalSection(SolutionProperties) = preSolution
		HideSolutionNode = FALSE
	EndGlobalSection
	GlobalSection(NestedProjects) = preSolution
		{BB2C31C0-E1CD-4646-8A0A-211F5AE69C4F} = {D701164C-E88A-4019-9D8F-ACEFAF32B771}
		{9A85AEFD-E7B0-41AD-B261-1E7F6F8E71CF} = {D701164C-E88A-4019-9D8F-ACEFAF32B771}
		{2A330D91-73E9-410F-95E2-C2271ADD498B} = {D701164C-E88A-4019-9D8F-ACEFAF32B771}
		{C5096D5E-FB6F-49AC-A59B-6EF7514B82C0} = {9210EFB5-F9DE-4209-9D6B-69A38CBDA7B7}
		{7244025B-AD35-40E7-8955-32B5C5192BCC} = {9210EFB5-F9DE-4209-9D6B-69A38CBDA7B7}
		{DF9A88E0-40FF-4425-B4B5-750E2251EF42} = {9210EFB5-F9DE-4209-9D6B-69A38CBDA7B7}
		{5F5F8D54-4112-4858-B4A3-3FCE7D1EEBAE} = {40A6A777-F840-4860-AA9D-2C16F81B5CAD}
		{9AF9E10E-6697-4AA8-ABED-6F0EFD6581AE} = {40A6A777-F840-4860-AA9D-2C16F81B5CAD}
		{3D189B80-9B4C-42A4-958F-B2BE67F85303} = {9210EFB5-F9DE-4209-9D6B-69A38CBDA7B7}
		{3881FB7F-10AB-43CA-BE93-C5A326BB0444} = {D701164C-E88A-4019-9D8F-ACEFAF32B771}
		{D46538B2-1621-48B6-B828-C991EF2E3F67} = {40A6A777-F840-4860-AA9D-2C16F81B5CAD}
		{62B331B7-D325-46DB-9E86-3C0B9CCF823D} = {9210EFB5-F9DE-4209-9D6B-69A38CBDA7B7}
		{D41DF3CE-1B86-4D85-92DB-896630966278} = {40A6A777-F840-4860-AA9D-2C16F81B5CAD}
		{78DEBE9A-958A-4E84-9FCB-BCF6CEF3371F} = {9210EFB5-F9DE-4209-9D6B-69A38CBDA7B7}
	EndGlobalSection
	GlobalSection(ExtensibilityGlobals) = postSolution
		SolutionGuid = {54D77C06-03DA-4079-815C-9F6CD246A7AC}
	EndGlobalSection
EndGlobal
